
Microsoft Visual Studio Solution File, Format Version 12.00
# Visual Studio Version 17
VisualStudioVersion = 17.14.36212.18 d17.14
MinimumVisualStudioVersion = 10.0.40219.1
Project("{FAE04EC0-301F-11D3-BF4B-00C04F79EFBC}") = "AppPoolAutoStartSetter", "AppPoolAutoStartSetter\AppPoolAutoStartSetter.csproj", "{E2A51120-2F18-42F7-B468-D5E1B56E3536}"
EndProject
Global
	GlobalSection(SolutionConfigurationPlatforms) = preSolution
		Debug|Any CPU = Debug|Any CPU
		Release|Any CPU = Release|Any CPU
	EndGlobalSection
	GlobalSection(ProjectConfigurationPlatforms) = postSolution
		{E2A51120-2F18-42F7-B468-D5E1B56E3536}.Debug|Any CPU.ActiveCfg = Debug|Any CPU
		{E2A51120-2F18-42F7-B468-D5E1B56E3536}.Debug|Any CPU.Build.0 = Debug|Any CPU
		{E2A51120-2F18-42F7-B468-D5E1B56E3536}.Release|Any CPU.ActiveCfg = Release|Any CPU
		{E2A51120-2F18-42F7-B468-D5E1B56E3536}.Release|Any CPU.Build.0 = Release|Any CPU
	EndGlobalSection
	GlobalSection(SolutionProperties) = preSolution
		HideSolutionNode = FALSE
	EndGlobalSection
	GlobalSection(ExtensibilityGlobals) = postSolution
		SolutionGuid = {2290BC3E-27C2-4975-93EC-D6D11F82224C}
	EndGlobalSection
EndGlobal
